
Microsoft Visual Studio Solution File, Format Version 12.00
Project("{FAE04EC0-301F-11D3-BF4B-00C04F79EFBC}") = "testing", "testing\testing.csproj", "{F6ED13C8-165A-4F64-B19C-B9209EC1CC4F}"
EndProject
Global
	GlobalSection(SolutionConfigurationPlatforms) = preSolution
		Debug|Any CPU = Debug|Any CPU
		Release|Any CPU = Release|Any CPU
	EndGlobalSection
	GlobalSection(ProjectConfigurationPlatforms) = postSolution
		{F6ED13C8-165A-4F64-B19C-B9209EC1CC4F}.Debug|Any CPU.ActiveCfg = Debug|Any CPU
		{F6ED13C8-165A-4F64-B19C-B9209EC1CC4F}.Debug|Any CPU.Build.0 = Debug|Any CPU
		{F6ED13C8-165A-4F64-B19C-B9209EC1CC4F}.Release|Any CPU.ActiveCfg = Release|Any CPU
		{F6ED13C8-165A-4F64-B19C-B9209EC1CC4F}.Release|Any CPU.Build.0 = Release|Any CPU
	EndGlobalSection
EndGlobal
